
Microsoft Visual Studio Solution File, Format Version 12.00
# Visual Studio Version 17
VisualStudioVersion = 17.0.31903.59
MinimumVisualStudioVersion = 10.0.40219.1
Project("{2150E333-8FDC-42A3-9474-1A3956D46DE8}") = "src", "src", "{827E0CD3-B72D-47B6-A68D-7590B98EB39B}"
EndProject
Project("{FAE04EC0-301F-11D3-BF4B-00C04F79EFBC}") = "CompraProgramadaAcoes.Domain", "src\CompraProgramadaAcoes.Domain\CompraProgramadaAcoes.Domain.csproj", "{7B82F5BD-48E0-4093-B1E0-A450C0F7E382}"
EndProject
Project("{FAE04EC0-301F-11D3-BF4B-00C04F79EFBC}") = "CompraProgramadaAcoes.Application", "src\CompraProgramadaAcoes.Application\CompraProgramadaAcoes.Application.csproj", "{DE03B177-AAE7-43D7-8E2D-636F2AB088FC}"
EndProject
Project("{FAE04EC0-301F-11D3-BF4B-00C04F79EFBC}") = "CompraProgramadaAcoes.Infrastructure", "src\CompraProgramadaAcoes.Infrastructure\CompraProgramadaAcoes.Infrastructure.csproj", "{93547DDB-F4E0-4E7F-9250-DBA2BC145A39}"
EndProject
Project("{FAE04EC0-301F-11D3-BF4B-00C04F79EFBC}") = "CompraProgramadaAcoes.Api", "src\CompraProgramadaAcoes.Api\CompraProgramadaAcoes.Api.csproj", "{DAD8FD11-F4D8-4FD2-8343-CF25C242207E}"
EndProject
Project("{2150E333-8FDC-42A3-9474-1A3956D46DE8}") = "Solution Items", "Solution Items", "{8EC462FD-D22E-90A8-E5CE-7E832BA40C5D}"
	ProjectSection(SolutionItems) = preProject
		docker-compose.yml = docker-compose.yml
	EndProjectSection
EndProject
Project("{2150E333-8FDC-42A3-9474-1A3956D46DE8}") = "tests", "tests", "{02EA681E-C7D8-13C7-8484-4AC65E1B71E8}"
EndProject
Project("{FAE04EC0-301F-11D3-BF4B-00C04F79EFBC}") = "CompraProgramadaAcoes.UnitTests", "tests\CompraProgramadaAcoes.UnitTests\CompraProgramadaAcoes.UnitTests.csproj", "{26B58523-1FFC-44E7-B1FE-4863E7A76332}"
EndProject
Global
	GlobalSection(SolutionConfigurationPlatforms) = preSolution
		Debug|Any CPU = Debug|Any CPU
		Debug|x64 = Debug|x64
		Debug|x86 = Debug|x86
		Release|Any CPU = Release|Any CPU
		Release|x64 = Release|x64
		Release|x86 = Release|x86
	EndGlobalSection
	GlobalSection(ProjectConfigurationPlatforms) = postSolution
		{7B82F5BD-48E0-4093-B1E0-A450C0F7E382}.Debug|Any CPU.ActiveCfg = Debug|Any CPU
		{7B82F5BD-48E0-4093-B1E0-A450C0F7E382}.Debug|Any CPU.Build.0 = Debug|Any CPU
		{7B82F5BD-48E0-4093-B1E0-A450C0F7E382}.Debug|x64.ActiveCfg = Debug|Any CPU
		{7B82F5BD-48E0-4093-B1E0-A450C0F7E382}.Debug|x64.Build.0 = Debug|Any CPU
		{7B82F5BD-48E0-4093-B1E0-A450C0F7E382}.Debug|x86.ActiveCfg = Debug|Any CPU
		{7B82F5BD-48E0-4093-B1E0-A450C0F7E382}.Debug|x86.Build.0 = Debug|Any CPU
		{7B82F5BD-48E0-4093-B1E0-A450C0F7E382}.Release|Any CPU.ActiveCfg = Release|Any CPU
		{7B82F5BD-48E0-4093-B1E0-A450C0F7E382}.Release|Any CPU.Build.0 = Release|Any CPU
		{7B82F5BD-48E0-4093-B1E0-A450C0F7E382}.Release|x64.ActiveCfg = Release|Any CPU
		{7B82F5BD-48E0-4093-B1E0-A450C0F7E382}.Release|x64.Build.0 = Release|Any CPU
		{7B82F5BD-48E0-4093-B1E0-A450C0F7E382}.Release|x86.ActiveCfg = Release|Any CPU
		{7B82F5BD-48E0-4093-B1E0-A450C0F7E382}.Release|x86.Build.0 = Release|Any CPU
		{DE03B177-AAE7-43D7-8E2D-636F2AB088FC}.Debug|Any CPU.ActiveCfg = Debug|Any CPU
		{DE03B177-AAE7-43D7-8E2D-636F2AB088FC}.Debug|Any CPU.Build.0 = Debug|Any CPU
		{DE03B177-AAE7-43D7-8E2D-636F2AB088FC}.Debug|x64.ActiveCfg = Debug|Any CPU
		{DE03B177-AAE7-43D7-8E2D-636F2AB088FC}.Debug|x64.Build.0 = Debug|Any CPU
		{DE03B177-AAE7-43D7-8E2D-636F2AB088FC}.Debug|x86.ActiveCfg = Debug|Any CPU
		{DE03B177-AAE7-43D7-8E2D-636F2AB088FC}.Debug|x86.Build.0 = Debug|Any CPU
		{DE03B177-AAE7-43D7-8E2D-636F2AB088FC}.Release|Any CPU.ActiveCfg = Release|Any CPU
		{DE03B177-AAE7-43D7-8E2D-636F2AB088FC}.Release|Any CPU.Build.0 = Release|Any CPU
		{DE03B177-AAE7-43D7-8E2D-636F2AB088FC}.Release|x64.ActiveCfg = Release|Any CPU
		{DE03B177-AAE7-43D7-8E2D-636F2AB088FC}.Release|x64.Build.0 = Release|Any CPU
		{DE03B177-AAE7-43D7-8E2D-636F2AB088FC}.Release|x86.ActiveCfg = Release|Any CPU
		{DE03B177-AAE7-43D7-8E2D-636F2AB088FC}.Release|x86.Build.0 = Release|Any CPU
		{93547DDB-F4E0-4E7F-9250-DBA2BC145A39}.Debug|Any CPU.ActiveCfg = Debug|Any CPU
		{93547DDB-F4E0-4E7F-9250-DBA2BC145A39}.Debug|Any CPU.Build.0 = Debug|Any CPU
		{93547DDB-F4E0-4E7F-9250-DBA2BC145A39}.Debug|x64.ActiveCfg = Debug|Any CPU
		{93547DDB-F4E0-4E7F-9250-DBA2BC145A39}.Debug|x64.Build.0 = Debug|Any CPU
		{93547DDB-F4E0-4E7F-9250-DBA2BC145A39}.Debug|x86.ActiveCfg = Debug|Any CPU
		{93547DDB-F4E0-4E7F-9250-DBA2BC145A39}.Debug|x86.Build.0 = Debug|Any CPU
		{93547DDB-F4E0-4E7F-9250-DBA2BC145A39}.Release|Any CPU.ActiveCfg = Release|Any CPU
		{93547DDB-F4E0-4E7F-9250-DBA2BC145A39}.Release|Any CPU.Build.0 = Release|Any CPU
		{93547DDB-F4E0-4E7F-9250-DBA2BC145A39}.Release|x64.ActiveCfg = Release|Any CPU
		{93547DDB-F4E0-4E7F-9250-DBA2BC145A39}.Release|x64.Build.0 = Release|Any CPU
		{93547DDB-F4E0-4E7F-9250-DBA2BC145A39}.Release|x86.ActiveCfg = Release|Any CPU
		{93547DDB-F4E0-4E7F-9250-DBA2BC145A39}.Release|x86.Build.0 = Release|Any CPU
		{DAD8FD11-F4D8-4FD2-8343-CF25C242207E}.Debug|Any CPU.ActiveCfg = Debug|Any CPU
		{DAD8FD11-F4D8-4FD2-8343-CF25C242207E}.Debug|Any CPU.Build.0 = Debug|Any CPU
		{DAD8FD11-F4D8-4FD2-8343-CF25C242207E}.Debug|x64.ActiveCfg = Debug|Any CPU
		{DAD8FD11-F4D8-4FD2-8343-CF25C242207E}.Debug|x64.Build.0 = Debug|Any CPU
		{DAD8FD11-F4D8-4FD2-8343-CF25C242207E}.Debug|x86.ActiveCfg = Debug|Any CPU
		{DAD8FD11-F4D8-4FD2-8343-CF25C242207E}.Debug|x86.Build.0 = Debug|Any CPU
		{DAD8FD11-F4D8-4FD2-8343-CF25C242207E}.Release|Any CPU.ActiveCfg = Release|Any CPU
		{DAD8FD11-F4D8-4FD2-8343-CF25C242207E}.Release|Any CPU.Build.0 = Release|Any CPU
		{DAD8FD11-F4D8-4FD2-8343-CF25C242207E}.Release|x64.ActiveCfg = Release|Any CPU
		{DAD8FD11-F4D8-4FD2-8343-CF25C242207E}.Release|x64.Build.0 = Release|Any CPU
		{DAD8FD11-F4D8-4FD2-8343-CF25C242207E}.Release|x86.ActiveCfg = Release|Any CPU
		{DAD8FD11-F4D8-4FD2-8343-CF25C242207E}.Release|x86.Build.0 = Release|Any CPU
		{26B58523-1FFC-44E7-B1FE-4863E7A76332}.Debug|Any CPU.ActiveCfg = Debug|Any CPU
		{26B58523-1FFC-44E7-B1FE-4863E7A76332}.Debug|Any CPU.Build.0 = Debug|Any CPU
		{26B58523-1FFC-44E7-B1FE-4863E7A76332}.Debug|x64.ActiveCfg = Debug|Any CPU
		{26B58523-1FFC-44E7-B1FE-4863E7A76332}.Debug|x64.Build.0 = Debug|Any CPU
		{26B58523-1FFC-44E7-B1FE-4863E7A76332}.Debug|x86.ActiveCfg = Debug|Any CPU
		{26B58523-1FFC-44E7-B1FE-4863E7A76332}.Debug|x86.Build.0 = Debug|Any CPU
		{26B58523-1FFC-44E7-B1FE-4863E7A76332}.Release|Any CPU.ActiveCfg = Release|Any CPU
		{26B58523-1FFC-44E7-B1FE-4863E7A76332}.Release|Any CPU.Build.0 = Release|Any CPU
		{26B58523-1FFC-44E7-B1FE-4863E7A76332}.Release|x64.ActiveCfg = Release|Any CPU
		{26B58523-1FFC-44E7-B1FE-4863E7A76332}.Release|x64.Build.0 = Release|Any CPU
		{26B58523-1FFC-44E7-B1FE-4863E7A76332}.Release|x86.ActiveCfg = Release|Any CPU
		{26B58523-1FFC-44E7-B1FE-4863E7A76332}.Release|x86.Build.0 = Release|Any CPU
	EndGlobalSection
	GlobalSection(SolutionProperties) = preSolution
		HideSolutionNode = FALSE
	EndGlobalSection
	GlobalSection(NestedProjects) = preSolution
		{7B82F5BD-48E0-4093-B1E0-A450C0F7E382} = {827E0CD3-B72D-47B6-A68D-7590B98EB39B}
		{DE03B177-AAE7-43D7-8E2D-636F2AB088FC} = {827E0CD3-B72D-47B6-A68D-7590B98EB39B}
		{93547DDB-F4E0-4E7F-9250-DBA2BC145A39} = {827E0CD3-B72D-47B6-A68D-7590B98EB39B}
		{DAD8FD11-F4D8-4FD2-8343-CF25C242207E} = {827E0CD3-B72D-47B6-A68D-7590B98EB39B}
		{26B58523-1FFC-44E7-B1FE-4863E7A76332} = {02EA681E-C7D8-13C7-8484-4AC65E1B71E8}
	EndGlobalSection
	GlobalSection(ExtensibilityGlobals) = postSolution
		SolutionGuid = {F0F94905-5044-488A-B010-AB8D82D73952}
	EndGlobalSection
EndGlobal
